
Microsoft Visual Studio Solution File, Format Version 12.00
# Visual Studio 15
VisualStudioVersion = 15.0.26730.8
MinimumVisualStudioVersion = 10.0.40219.1
Project("{FAE04EC0-301F-11D3-BF4B-00C04F79EFBC}") = "Dora.Bot", "Dora.Bot\Dora.Bot.csproj", "{B8E66F16-0D3E-4C43-90B5-7ACD46B245F2}"
EndProject
Project("{A07B5EB6-E848-4116-A8D0-A826331D98C6}") = "Dora.API.Fabric", "Dora.API.Fabric\Dora.API.Fabric.sfproj", "{9329CB9A-D5FE-4DF1-9601-50DFA78E941B}"
EndProject
Project("{FAE04EC0-301F-11D3-BF4B-00C04F79EFBC}") = "Dora.API", "Dora.API\Dora.API.csproj", "{4C9492F7-CCCC-44A7-91ED-FA4A5FACB353}"
EndProject
Global
	GlobalSection(SolutionConfigurationPlatforms) = preSolution
		Debug|Any CPU = Debug|Any CPU
		Debug|x64 = Debug|x64
		Release|Any CPU = Release|Any CPU
		Release|x64 = Release|x64
	EndGlobalSection
	GlobalSection(ProjectConfigurationPlatforms) = postSolution
		{B8E66F16-0D3E-4C43-90B5-7ACD46B245F2}.Debug|Any CPU.ActiveCfg = Debug|Any CPU
		{B8E66F16-0D3E-4C43-90B5-7ACD46B245F2}.Debug|Any CPU.Build.0 = Debug|Any CPU
		{B8E66F16-0D3E-4C43-90B5-7ACD46B245F2}.Debug|x64.ActiveCfg = Debug|Any CPU
		{B8E66F16-0D3E-4C43-90B5-7ACD46B245F2}.Debug|x64.Build.0 = Debug|Any CPU
		{B8E66F16-0D3E-4C43-90B5-7ACD46B245F2}.Release|Any CPU.ActiveCfg = Release|Any CPU
		{B8E66F16-0D3E-4C43-90B5-7ACD46B245F2}.Release|Any CPU.Build.0 = Release|Any CPU
		{B8E66F16-0D3E-4C43-90B5-7ACD46B245F2}.Release|x64.ActiveCfg = Release|Any CPU
		{B8E66F16-0D3E-4C43-90B5-7ACD46B245F2}.Release|x64.Build.0 = Release|Any CPU
		{9329CB9A-D5FE-4DF1-9601-50DFA78E941B}.Debug|Any CPU.ActiveCfg = Debug|x64
		{9329CB9A-D5FE-4DF1-9601-50DFA78E941B}.Debug|x64.ActiveCfg = Debug|x64
		{9329CB9A-D5FE-4DF1-9601-50DFA78E941B}.Debug|x64.Build.0 = Debug|x64
		{9329CB9A-D5FE-4DF1-9601-50DFA78E941B}.Debug|x64.Deploy.0 = Debug|x64
		{9329CB9A-D5FE-4DF1-9601-50DFA78E941B}.Release|Any CPU.ActiveCfg = Release|x64
		{9329CB9A-D5FE-4DF1-9601-50DFA78E941B}.Release|x64.ActiveCfg = Release|x64
		{9329CB9A-D5FE-4DF1-9601-50DFA78E941B}.Release|x64.Build.0 = Release|x64
		{9329CB9A-D5FE-4DF1-9601-50DFA78E941B}.Release|x64.Deploy.0 = Release|x64
		{4C9492F7-CCCC-44A7-91ED-FA4A5FACB353}.Debug|Any CPU.ActiveCfg = Debug|Any CPU
		{4C9492F7-CCCC-44A7-91ED-FA4A5FACB353}.Debug|Any CPU.Build.0 = Debug|Any CPU
		{4C9492F7-CCCC-44A7-91ED-FA4A5FACB353}.Debug|x64.ActiveCfg = Debug|Any CPU
		{4C9492F7-CCCC-44A7-91ED-FA4A5FACB353}.Debug|x64.Build.0 = Debug|Any CPU
		{4C9492F7-CCCC-44A7-91ED-FA4A5FACB353}.Release|Any CPU.ActiveCfg = Release|Any CPU
		{4C9492F7-CCCC-44A7-91ED-FA4A5FACB353}.Release|Any CPU.Build.0 = Release|Any CPU
		{4C9492F7-CCCC-44A7-91ED-FA4A5FACB353}.Release|x64.ActiveCfg = Release|Any CPU
		{4C9492F7-CCCC-44A7-91ED-FA4A5FACB353}.Release|x64.Build.0 = Release|Any CPU
	EndGlobalSection
	GlobalSection(SolutionProperties) = preSolution
		HideSolutionNode = FALSE
	EndGlobalSection
	GlobalSection(ExtensibilityGlobals) = postSolution
		SolutionGuid = {5464264F-D75F-45DB-9C09-2CC1EBF095F4}
	EndGlobalSection
EndGlobal
